<?xml version="1.0" encoding="utf-8"?>
<Project ToolsVersion="4.0" xmlns="http://schemas.microsoft.com/developer/msbuild/2003">
  <ItemGroup>
    <Filter Include="Resource Files">
      <UniqueIdentifier>{67DA6AB6-F800-4c08-8B7A-83BB121AAD01}</UniqueIdentifier>
      <Extensions>rc;ico;cur;bmp;dlg;rc2;rct;bin;rgs;gif;jpg;jpeg;jpe;resx;tiff;tif;png;wav;mfcribbon-ms</Extensions>
    </Filter>
    <Filter Include="lua">
      <UniqueIdentifier>{49e78e6b-0d84-4a08-92d5-e0de8405c8fc}</UniqueIdentifier>
    </Filter>
    <Filter Include="ec_common">
      <UniqueIdentifier>{f9cd39db-fab7-4b42-b422-6349d6a4637c}</UniqueIdentifier>
    </Filter>
    <Filter Include="ec_core">
      <UniqueIdentifier>{c1923d93-c0a1-4c92-aeb2-fa519e89bdf9}</UniqueIdentifier>
    </Filter>
    <Filter Include="lua_plus">
      <UniqueIdentifier>{2b7c219d-1cb6-426b-85d7-bb85bc4552fb}</UniqueIdentifier>
    </Filter>
    <Filter Include="lua_api">
      <UniqueIdentifier>{4FC737F1-C7A5-4376-A066-2A32D752A2FF}</UniqueIdentifier>
      <Extensions>cpp;c;cc;cxx;def;odl;idl;hpj;bat;asm;asmx</Extensions>
    </Filter>
    <Filter Include="lua_loader">
      <UniqueIdentifier>{f12a6b61-cfcc-458e-bf3c-2258962afd3b}</UniqueIdentifier>
    </Filter>
  </ItemGroup>
  <ItemGroup>
    <None Include="ReadMe.txt" />
    <None Include="ec_core.def">
      <Filter>ec_core</Filter>
    </None>
  </ItemGroup>
  <ItemGroup>
    <ClInclude Include="..\..\3rd\lua-5.2.2\src\lapi.h">
      <Filter>lua</Filter>
    </ClInclude>
    <ClInclude Include="..\..\3rd\lua-5.2.2\src\lauxlib.h">
      <Filter>lua</Filter>
    </ClInclude>
    <ClInclude Include="..\..\3rd\lua-5.2.2\src\lcode.h">
      <Filter>lua</Filter>
    </ClInclude>
    <ClInclude Include="..\..\3rd\lua-5.2.2\src\lctype.h">
      <Filter>lua</Filter>
    </ClInclude>
    <ClInclude Include="..\..\3rd\lua-5.2.2\src\ldebug.h">
      <Filter>lua</Filter>
    </ClInclude>
    <ClInclude Include="..\..\3rd\lua-5.2.2\src\ldo.h">
      <Filter>lua</Filter>
    </ClInclude>
    <ClInclude Include="..\..\3rd\lua-5.2.2\src\lfunc.h">
      <Filter>lua</Filter>
    </ClInclude>
    <ClInclude Include="..\..\3rd\lua-5.2.2\src\lgc.h">
      <Filter>lua</Filter>
    </ClInclude>
    <ClInclude Include="..\..\3rd\lua-5.2.2\src\llex.h">
      <Filter>lua</Filter>
    </ClInclude>
    <ClInclude Include="..\..\3rd\lua-5.2.2\src\llimits.h">
      <Filter>lua</Filter>
    </ClInclude>
    <ClInclude Include="..\..\3rd\lua-5.2.2\src\lmem.h">
      <Filter>lua</Filter>
    </ClInclude>
    <ClInclude Include="..\..\3rd\lua-5.2.2\src\lobject.h">
      <Filter>lua</Filter>
    </ClInclude>
    <ClInclude Include="..\..\3rd\lua-5.2.2\src\lopcodes.h">
      <Filter>lua</Filter>
    </ClInclude>
    <ClInclude Include="..\..\3rd\lua-5.2.2\src\lparser.h">
      <Filter>lua</Filter>
    </ClInclude>
    <ClInclude Include="..\..\3rd\lua-5.2.2\src\lstate.h">
      <Filter>lua</Filter>
    </ClInclude>
    <ClInclude Include="..\..\3rd\lua-5.2.2\src\lstring.h">
      <Filter>lua</Filter>
    </ClInclude>
    <ClInclude Include="..\..\3rd\lua-5.2.2\src\ltable.h">
      <Filter>lua</Filter>
    </ClInclude>
    <ClInclude Include="..\..\3rd\lua-5.2.2\src\ltm.h">
      <Filter>lua</Filter>
    </ClInclude>
    <ClInclude Include="..\..\3rd\lua-5.2.2\src\lua.h">
      <Filter>lua</Filter>
    </ClInclude>
    <ClInclude Include="..\..\3rd\lua-5.2.2\src\lua.hpp">
      <Filter>lua</Filter>
    </ClInclude>
    <ClInclude Include="..\..\3rd\lua-5.2.2\src\luaconf.h">
      <Filter>lua</Filter>
    </ClInclude>
    <ClInclude Include="..\..\3rd\lua-5.2.2\src\lualib.h">
      <Filter>lua</Filter>
    </ClInclude>
    <ClInclude Include="..\..\3rd\lua-5.2.2\src\lundump.h">
      <Filter>lua</Filter>
    </ClInclude>
    <ClInclude Include="..\..\3rd\lua-5.2.2\src\lvm.h">
      <Filter>lua</Filter>
    </ClInclude>
    <ClInclude Include="..\..\3rd\lua-5.2.2\src\lzio.h">
      <Filter>lua</Filter>
    </ClInclude>
    <ClInclude Include="..\..\inc\lua_plus\stack_frame.h">
      <Filter>lua_plus</Filter>
    </ClInclude>
    <ClInclude Include="..\..\inc\lua_plus\table.h">
      <Filter>lua_plus</Filter>
    </ClInclude>
    <ClInclude Include="ec_core.h">
      <Filter>ec_core</Filter>
    </ClInclude>
    <ClInclude Include="game_factory_imp.h">
      <Filter>ec_core</Filter>
    </ClInclude>
    <ClInclude Include="game_imp.h">
      <Filter>ec_core</Filter>
    </ClInclude>
    <ClInclude Include="..\..\inc\ec_common\cmd.h">
      <Filter>ec_common</Filter>
    </ClInclude>
    <ClInclude Include="..\..\inc\ec_common\cmdparser.h">
      <Filter>ec_common</Filter>
    </ClInclude>
    <ClInclude Include="..\..\inc\ec_common\type_def.h">
      <Filter>ec_common</Filter>
    </ClInclude>
    <ClInclude Include="..\..\inc\ec_core\core.h">
      <Filter>ec_core</Filter>
    </ClInclude>
    <ClInclude Include="..\..\inc\ec_core\game.h">
      <Filter>ec_core</Filter>
    </ClInclude>
    <ClInclude Include="..\..\inc\ec_core\game_factory.h">
      <Filter>ec_core</Filter>
    </ClInclude>
    <ClInclude Include="..\..\inc\ec_core\player.h">
      <Filter>ec_core</Filter>
    </ClInclude>
    <ClInclude Include="..\..\inc\ec_core\player_factory.h">
      <Filter>ec_core</Filter>
    </ClInclude>
    <ClInclude Include="core_define.h">
      <Filter>ec_core</Filter>
    </ClInclude>
    <ClInclude Include="round_loop.h">
      <Filter>ec_core</Filter>
    </ClInclude>
    <ClInclude Include="lua_api\lua_game.h">
      <Filter>lua_api</Filter>
    </ClInclude>
    <ClInclude Include="lua_api\lua_player_prop.h">
      <Filter>lua_api</Filter>
    </ClInclude>
    <ClInclude Include="lua_loader\main_loader.h">
      <Filter>lua_loader</Filter>
    </ClInclude>
    <ClInclude Include="lua_loader\round_loader.h">
      <Filter>lua_loader</Filter>
    </ClInclude>
    <ClInclude Include="lua_api\lua_round_loop.h">
      <Filter>lua_api</Filter>
    </ClInclude>
    <ClInclude Include="lua_api\lua_event.h">
      <Filter>lua_api</Filter>
    </ClInclude>
  </ItemGroup>
  <ItemGroup>
    <ClCompile Include="..\..\3rd\lua-5.2.2\src\lapi.c">
      <Filter>lua</Filter>
    </ClCompile>
    <ClCompile Include="..\..\3rd\lua-5.2.2\src\lauxlib.c">
      <Filter>lua</Filter>
    </ClCompile>
    <ClCompile Include="..\..\3rd\lua-5.2.2\src\lbaselib.c">
      <Filter>lua</Filter>
    </ClCompile>
    <ClCompile Include="..\..\3rd\lua-5.2.2\src\lbitlib.c">
      <Filter>lua</Filter>
    </ClCompile>
    <ClCompile Include="..\..\3rd\lua-5.2.2\src\lcode.c">
      <Filter>lua</Filter>
    </ClCompile>
    <ClCompile Include="..\..\3rd\lua-5.2.2\src\lcorolib.c">
      <Filter>lua</Filter>
    </ClCompile>
    <ClCompile Include="..\..\3rd\lua-5.2.2\src\lctype.c">
      <Filter>lua</Filter>
    </ClCompile>
    <ClCompile Include="..\..\3rd\lua-5.2.2\src\ldblib.c">
      <Filter>lua</Filter>
    </ClCompile>
    <ClCompile Include="..\..\3rd\lua-5.2.2\src\ldebug.c">
      <Filter>lua</Filter>
    </ClCompile>
    <ClCompile Include="..\..\3rd\lua-5.2.2\src\ldo.c">
      <Filter>lua</Filter>
    </ClCompile>
    <ClCompile Include="..\..\3rd\lua-5.2.2\src\ldump.c">
      <Filter>lua</Filter>
    </ClCompile>
    <ClCompile Include="..\..\3rd\lua-5.2.2\src\lfunc.c">
      <Filter>lua</Filter>
    </ClCompile>
    <ClCompile Include="..\..\3rd\lua-5.2.2\src\lgc.c">
      <Filter>lua</Filter>
    </ClCompile>
    <ClCompile Include="..\..\3rd\lua-5.2.2\src\linit.c">
      <Filter>lua</Filter>
    </ClCompile>
    <ClCompile Include="..\..\3rd\lua-5.2.2\src\liolib.c">
      <Filter>lua</Filter>
    </ClCompile>
    <ClCompile Include="..\..\3rd\lua-5.2.2\src\llex.c">
      <Filter>lua</Filter>
    </ClCompile>
    <ClCompile Include="..\..\3rd\lua-5.2.2\src\lmathlib.c">
      <Filter>lua</Filter>
    </ClCompile>
    <ClCompile Include="..\..\3rd\lua-5.2.2\src\lmem.c">
      <Filter>lua</Filter>
    </ClCompile>
    <ClCompile Include="..\..\3rd\lua-5.2.2\src\loadlib.c">
      <Filter>lua</Filter>
    </ClCompile>
    <ClCompile Include="..\..\3rd\lua-5.2.2\src\lobject.c">
      <Filter>lua</Filter>
    </ClCompile>
    <ClCompile Include="..\..\3rd\lua-5.2.2\src\lopcodes.c">
      <Filter>lua</Filter>
    </ClCompile>
    <ClCompile Include="..\..\3rd\lua-5.2.2\src\loslib.c">
      <Filter>lua</Filter>
    </ClCompile>
    <ClCompile Include="..\..\3rd\lua-5.2.2\src\lparser.c">
      <Filter>lua</Filter>
    </ClCompile>
    <ClCompile Include="..\..\3rd\lua-5.2.2\src\lstate.c">
      <Filter>lua</Filter>
    </ClCompile>
    <ClCompile Include="..\..\3rd\lua-5.2.2\src\lstring.c">
      <Filter>lua</Filter>
    </ClCompile>
    <ClCompile Include="..\..\3rd\lua-5.2.2\src\lstrlib.c">
      <Filter>lua</Filter>
    </ClCompile>
    <ClCompile Include="..\..\3rd\lua-5.2.2\src\ltable.c">
      <Filter>lua</Filter>
    </ClCompile>
    <ClCompile Include="..\..\3rd\lua-5.2.2\src\ltablib.c">
      <Filter>lua</Filter>
    </ClCompile>
    <ClCompile Include="..\..\3rd\lua-5.2.2\src\ltm.c">
      <Filter>lua</Filter>
    </ClCompile>
    <ClCompile Include="..\..\3rd\lua-5.2.2\src\lundump.c">
      <Filter>lua</Filter>
    </ClCompile>
    <ClCompile Include="..\..\3rd\lua-5.2.2\src\lvm.c">
      <Filter>lua</Filter>
    </ClCompile>
    <ClCompile Include="..\..\3rd\lua-5.2.2\src\lzio.c">
      <Filter>lua</Filter>
    </ClCompile>
    <ClCompile Include="ec_core.cc">
      <Filter>ec_core</Filter>
    </ClCompile>
    <ClCompile Include="game_factory_imp.cc">
      <Filter>ec_core</Filter>
    </ClCompile>
    <ClCompile Include="game_imp.cc">
      <Filter>ec_core</Filter>
    </ClCompile>
    <ClCompile Include="dllmain.cpp">
      <Filter>ec_core</Filter>
    </ClCompile>
    <ClCompile Include="..\lua_plus\stack_frame.cc">
      <Filter>lua_plus</Filter>
    </ClCompile>
    <ClCompile Include="..\lua_plus\table.cc">
      <Filter>lua_plus</Filter>
    </ClCompile>
    <ClCompile Include="round_loop.cc">
      <Filter>ec_core</Filter>
    </ClCompile>
    <ClCompile Include="lua_api\lua_game.cc">
      <Filter>lua_api</Filter>
    </ClCompile>
    <ClCompile Include="lua_api\lua_player_prop.cc">
      <Filter>lua_api</Filter>
    </ClCompile>
    <ClCompile Include="lua_loader\main_loader.cc">
      <Filter>lua_loader</Filter>
    </ClCompile>
    <ClCompile Include="lua_loader\round_loader.cc">
      <Filter>lua_loader</Filter>
    </ClCompile>
    <ClCompile Include="lua_api\lua_round_loop.cc">
      <Filter>lua_api</Filter>
    </ClCompile>
    <ClCompile Include="lua_api\lua_event.cc">
      <Filter>lua_api</Filter>
    </ClCompile>
  </ItemGroup>
</Project>