<?xml version="1.0" encoding="utf-8"?>
<Project ToolsVersion="4.0" xmlns="http://schemas.microsoft.com/developer/msbuild/2003">
  <ItemGroup>
    <Filter Include="Resource Files">
      <UniqueIdentifier>{67DA6AB6-F800-4c08-8B7A-83BB121AAD01}</UniqueIdentifier>
      <Extensions>rc;ico;cur;bmp;dlg;rc2;rct;bin;rgs;gif;jpg;jpeg;jpe;resx;tiff;tif;png;wav;mfcribbon-ms</Extensions>
    </Filter>
    <Filter Include="rpc_client">
      <UniqueIdentifier>{93995380-89BD-4b04-88EB-625FBE52EBFB}</UniqueIdentifier>
      <Extensions>h;hpp;hxx;hm;inl;inc;xsd</Extensions>
    </Filter>
    <Filter Include="rpc_server">
      <UniqueIdentifier>{c2a70670-b662-4dbd-a3fb-110669e729b5}</UniqueIdentifier>
    </Filter>
    <Filter Include="rpc_manager">
      <UniqueIdentifier>{063b4d06-70b1-405b-80c2-2a78e04baa73}</UniqueIdentifier>
    </Filter>
    <Filter Include="libuv">
      <UniqueIdentifier>{e1beab34-8c66-4fcf-aa7f-30c050a50075}</UniqueIdentifier>
    </Filter>
    <Filter Include="common">
      <UniqueIdentifier>{d717d1f9-3b25-42a2-b730-d9791e81ac51}</UniqueIdentifier>
    </Filter>
    <Filter Include="base">
      <UniqueIdentifier>{97b1d37c-5c39-40d9-afc7-4850570f13c1}</UniqueIdentifier>
    </Filter>
    <Filter Include="rpc_register">
      <UniqueIdentifier>{6535e11f-602d-488c-8561-57d48f7b00b2}</UniqueIdentifier>
    </Filter>
    <Filter Include="rpc_receiver">
      <UniqueIdentifier>{13515e27-8e82-44f4-91b1-e7e40d36b548}</UniqueIdentifier>
    </Filter>
    <Filter Include="interface">
      <UniqueIdentifier>{7157fb89-a471-493c-a84d-eeb306fb7d69}</UniqueIdentifier>
    </Filter>
  </ItemGroup>
  <ItemGroup>
    <ClInclude Include="rpc_server_imp.h">
      <Filter>rpc_server</Filter>
    </ClInclude>
    <ClInclude Include="rpc_client_imp.h">
      <Filter>rpc_client</Filter>
    </ClInclude>
    <ClInclude Include="rpc_manager_imp.h">
      <Filter>rpc_manager</Filter>
    </ClInclude>
    <ClInclude Include="..\..\3rd\libuv\src\queue.h">
      <Filter>libuv</Filter>
    </ClInclude>
    <ClInclude Include="..\..\3rd\libuv\src\uv-common.h">
      <Filter>libuv</Filter>
    </ClInclude>
    <ClInclude Include="..\..\3rd\libuv\src\win\atomicops-inl.h">
      <Filter>libuv</Filter>
    </ClInclude>
    <ClInclude Include="..\..\3rd\libuv\src\win\handle-inl.h">
      <Filter>libuv</Filter>
    </ClInclude>
    <ClInclude Include="..\..\3rd\libuv\src\win\internal.h">
      <Filter>libuv</Filter>
    </ClInclude>
    <ClInclude Include="..\..\3rd\libuv\src\win\req-inl.h">
      <Filter>libuv</Filter>
    </ClInclude>
    <ClInclude Include="..\..\3rd\libuv\src\win\stream-inl.h">
      <Filter>libuv</Filter>
    </ClInclude>
    <ClInclude Include="..\..\3rd\libuv\src\win\winapi.h">
      <Filter>libuv</Filter>
    </ClInclude>
    <ClInclude Include="..\..\3rd\libuv\src\win\winsock.h">
      <Filter>libuv</Filter>
    </ClInclude>
    <ClInclude Include="..\..\inc\ec_common\interface.h">
      <Filter>common</Filter>
    </ClInclude>
    <ClInclude Include="rpc_base.h">
      <Filter>base</Filter>
    </ClInclude>
    <ClInclude Include="..\..\inc\ec_rpc\rpc_define.h">
      <Filter>base</Filter>
    </ClInclude>
    <ClInclude Include="..\..\inc\ec_rpc\rpc_register.h">
      <Filter>interface</Filter>
    </ClInclude>
    <ClInclude Include="..\..\inc\ec_rpc\rpc_manager.h">
      <Filter>interface</Filter>
    </ClInclude>
    <ClInclude Include="..\..\inc\ec_rpc\rpc_receiver.h">
      <Filter>interface</Filter>
    </ClInclude>
    <ClInclude Include="..\..\inc\ec_rpc\rpc_acceptor.h">
      <Filter>interface</Filter>
    </ClInclude>
    <ClInclude Include="..\..\inc\ec_rpc\rpc_listener.h">
      <Filter>interface</Filter>
    </ClInclude>
    <ClInclude Include="..\..\inc\ec_rpc\rpc_connecter.h">
      <Filter>interface</Filter>
    </ClInclude>
    <ClInclude Include="..\..\inc\ec_rpc\rpc_error.h">
      <Filter>interface</Filter>
    </ClInclude>
    <ClInclude Include="..\..\inc\ec_rpc\rpc_handler.h">
      <Filter>interface</Filter>
    </ClInclude>
  </ItemGroup>
  <ItemGroup>
    <ClCompile Include="rpc_server_imp.cc">
      <Filter>rpc_server</Filter>
    </ClCompile>
    <ClCompile Include="rpc_client_imp.cc">
      <Filter>rpc_client</Filter>
    </ClCompile>
    <ClCompile Include="rpc_manager_imp.cc">
      <Filter>rpc_manager</Filter>
    </ClCompile>
    <ClCompile Include="..\..\3rd\libuv\src\fs-poll.c">
      <Filter>libuv</Filter>
    </ClCompile>
    <ClCompile Include="..\..\3rd\libuv\src\inet.c">
      <Filter>libuv</Filter>
    </ClCompile>
    <ClCompile Include="..\..\3rd\libuv\src\uv-common.c">
      <Filter>libuv</Filter>
    </ClCompile>
    <ClCompile Include="..\..\3rd\libuv\src\version.c">
      <Filter>libuv</Filter>
    </ClCompile>
    <ClCompile Include="..\..\3rd\libuv\src\win\async.c">
      <Filter>libuv</Filter>
    </ClCompile>
    <ClCompile Include="..\..\3rd\libuv\src\win\core.c">
      <Filter>libuv</Filter>
    </ClCompile>
    <ClCompile Include="..\..\3rd\libuv\src\win\dl.c">
      <Filter>libuv</Filter>
    </ClCompile>
    <ClCompile Include="..\..\3rd\libuv\src\win\error.c">
      <Filter>libuv</Filter>
    </ClCompile>
    <ClCompile Include="..\..\3rd\libuv\src\win\fs.c">
      <Filter>libuv</Filter>
    </ClCompile>
    <ClCompile Include="..\..\3rd\libuv\src\win\fs-event.c">
      <Filter>libuv</Filter>
    </ClCompile>
    <ClCompile Include="..\..\3rd\libuv\src\win\getaddrinfo.c">
      <Filter>libuv</Filter>
    </ClCompile>
    <ClCompile Include="..\..\3rd\libuv\src\win\handle.c">
      <Filter>libuv</Filter>
    </ClCompile>
    <ClCompile Include="..\..\3rd\libuv\src\win\loop-watcher.c">
      <Filter>libuv</Filter>
    </ClCompile>
    <ClCompile Include="..\..\3rd\libuv\src\win\pipe.c">
      <Filter>libuv</Filter>
    </ClCompile>
    <ClCompile Include="..\..\3rd\libuv\src\win\poll.c">
      <Filter>libuv</Filter>
    </ClCompile>
    <ClCompile Include="..\..\3rd\libuv\src\win\process.c">
      <Filter>libuv</Filter>
    </ClCompile>
    <ClCompile Include="..\..\3rd\libuv\src\win\process-stdio.c">
      <Filter>libuv</Filter>
    </ClCompile>
    <ClCompile Include="..\..\3rd\libuv\src\win\req.c">
      <Filter>libuv</Filter>
    </ClCompile>
    <ClCompile Include="..\..\3rd\libuv\src\win\signal.c">
      <Filter>libuv</Filter>
    </ClCompile>
    <ClCompile Include="..\..\3rd\libuv\src\win\stream.c">
      <Filter>libuv</Filter>
    </ClCompile>
    <ClCompile Include="..\..\3rd\libuv\src\win\tcp.c">
      <Filter>libuv</Filter>
    </ClCompile>
    <ClCompile Include="..\..\3rd\libuv\src\win\thread.c">
      <Filter>libuv</Filter>
    </ClCompile>
    <ClCompile Include="..\..\3rd\libuv\src\win\threadpool.c">
      <Filter>libuv</Filter>
    </ClCompile>
    <ClCompile Include="..\..\3rd\libuv\src\win\timer.c">
      <Filter>libuv</Filter>
    </ClCompile>
    <ClCompile Include="..\..\3rd\libuv\src\win\tty.c">
      <Filter>libuv</Filter>
    </ClCompile>
    <ClCompile Include="..\..\3rd\libuv\src\win\udp.c">
      <Filter>libuv</Filter>
    </ClCompile>
    <ClCompile Include="..\..\3rd\libuv\src\win\util.c">
      <Filter>libuv</Filter>
    </ClCompile>
    <ClCompile Include="..\..\3rd\libuv\src\win\winapi.c">
      <Filter>libuv</Filter>
    </ClCompile>
    <ClCompile Include="..\..\3rd\libuv\src\win\winsock.c">
      <Filter>libuv</Filter>
    </ClCompile>
    <ClCompile Include="rpc_base.cc">
      <Filter>base</Filter>
    </ClCompile>
  </ItemGroup>
</Project>